// !$*UTF8*$!
{
	archiveVersion = 1;
	classes = {
	};
	objectVersion = 46;
	objects = {

/* Begin PBXBuildFile section */
		C9E6619919A5453E00B9CDAF /* Colors.h in Headers */ = {isa = PBXBuildFile; fileRef = C9E6619819A5453E00B9CDAF /* Colors.h */; settings = {ATTRIBUTES = (Public, ); }; };
		C9E6619F19A5453E00B9CDAF /* Colors.framework in Frameworks */ = {isa = PBXBuildFile; fileRef = C9E6619319A5453E00B9CDAF /* Colors.framework */; };
		C9E661A619A5453E00B9CDAF /* ColorsTests.m in Sources */ = {isa = PBXBuildFile; fileRef = C9E661A519A5453E00B9CDAF /* ColorsTests.m */; };
		C9E661CB19A545BB00B9CDAF /* CGRectManipulation.h in Headers */ = {isa = PBXBuildFile; fileRef = C9E661AF19A545BB00B9CDAF /* CGRectManipulation.h */; settings = {ATTRIBUTES = (Public, ); }; };
		C9E661CC19A545BB00B9CDAF /* CGRectManipulation.m in Sources */ = {isa = PBXBuildFile; fileRef = C9E661B019A545BB00B9CDAF /* CGRectManipulation.m */; };
		C9E661CD19A545BB00B9CDAF /* NSNumber+Hex.h in Headers */ = {isa = PBXBuildFile; fileRef = C9E661B119A545BB00B9CDAF /* NSNumber+Hex.h */; settings = {ATTRIBUTES = (Public, ); }; };
		C9E661CE19A545BB00B9CDAF /* NSNumber+Hex.m in Sources */ = {isa = PBXBuildFile; fileRef = C9E661B219A545BB00B9CDAF /* NSNumber+Hex.m */; };
		C9E661CF19A545BB00B9CDAF /* ThemeColor.h in Headers */ = {isa = PBXBuildFile; fileRef = C9E661B319A545BB00B9CDAF /* ThemeColor.h */; settings = {ATTRIBUTES = (Public, ); }; };
		C9E661D019A545BB00B9CDAF /* ThemeColor.m in Sources */ = {isa = PBXBuildFile; fileRef = C9E661B419A545BB00B9CDAF /* ThemeColor.m */; };
		C9E661D119A545BB00B9CDAF /* UIColor+ColorFinder.h in Headers */ = {isa = PBXBuildFile; fileRef = C9E661B519A545BB00B9CDAF /* UIColor+ColorFinder.h */; settings = {ATTRIBUTES = (Public, ); }; };
		C9E661D219A545BB00B9CDAF /* UIColor+ColorFinder.m in Sources */ = {isa = PBXBuildFile; fileRef = C9E661B619A545BB00B9CDAF /* UIColor+ColorFinder.m */; };
		C9E661D319A545BB00B9CDAF /* UIColor+Components.h in Headers */ = {isa = PBXBuildFile; fileRef = C9E661B719A545BB00B9CDAF /* UIColor+Components.h */; settings = {ATTRIBUTES = (Public, ); }; };
		C9E661D419A545BB00B9CDAF /* UIColor+Components.m in Sources */ = {isa = PBXBuildFile; fileRef = C9E661B819A545BB00B9CDAF /* UIColor+Components.m */; };
		C9E661D519A545BB00B9CDAF /* UIColor+Hex.h in Headers */ = {isa = PBXBuildFile; fileRef = C9E661B919A545BB00B9CDAF /* UIColor+Hex.h */; settings = {ATTRIBUTES = (Public, ); }; };
		C9E661D619A545BB00B9CDAF /* UIColor+Hex.m in Sources */ = {isa = PBXBuildFile; fileRef = C9E661BA19A545BB00B9CDAF /* UIColor+Hex.m */; };
		C9E661D719A545BB00B9CDAF /* UIColor+KeyColor.h in Headers */ = {isa = PBXBuildFile; fileRef = C9E661BB19A545BB00B9CDAF /* UIColor+KeyColor.h */; settings = {ATTRIBUTES = (Public, ); }; };
		C9E661D819A545BB00B9CDAF /* UIColor+KeyColor.m in Sources */ = {isa = PBXBuildFile; fileRef = C9E661BC19A545BB00B9CDAF /* UIColor+KeyColor.m */; };
		C9E661D919A545BB00B9CDAF /* UIColor+Manipulation.h in Headers */ = {isa = PBXBuildFile; fileRef = C9E661BD19A545BB00B9CDAF /* UIColor+Manipulation.h */; settings = {ATTRIBUTES = (Public, ); }; };
		C9E661DA19A545BB00B9CDAF /* UIColor+Manipulation.m in Sources */ = {isa = PBXBuildFile; fileRef = C9E661BE19A545BB00B9CDAF /* UIColor+Manipulation.m */; };
		C9E661DB19A545BB00B9CDAF /* UIColor+NeueColors.h in Headers */ = {isa = PBXBuildFile; fileRef = C9E661BF19A545BB00B9CDAF /* UIColor+NeueColors.h */; settings = {ATTRIBUTES = (Public, ); }; };
		C9E661DC19A545BB00B9CDAF /* UIColor+NeueColors.m in Sources */ = {isa = PBXBuildFile; fileRef = C9E661C019A545BB00B9CDAF /* UIColor+NeueColors.m */; };
		C9E661DD19A545BB00B9CDAF /* UIImage+Colors.h in Headers */ = {isa = PBXBuildFile; fileRef = C9E661C119A545BB00B9CDAF /* UIImage+Colors.h */; settings = {ATTRIBUTES = (Public, ); }; };
		C9E661DE19A545BB00B9CDAF /* UIImage+Colors.m in Sources */ = {isa = PBXBuildFile; fileRef = C9E661C219A545BB00B9CDAF /* UIImage+Colors.m */; };
		C9E661DF19A545BB00B9CDAF /* UIImage+Crop.h in Headers */ = {isa = PBXBuildFile; fileRef = C9E661C319A545BB00B9CDAF /* UIImage+Crop.h */; settings = {ATTRIBUTES = (Public, ); }; };
		C9E661E019A545BB00B9CDAF /* UIImage+Crop.m in Sources */ = {isa = PBXBuildFile; fileRef = C9E661C419A545BB00B9CDAF /* UIImage+Crop.m */; };
		C9E661E119A545BB00B9CDAF /* UIImage+Mask.h in Headers */ = {isa = PBXBuildFile; fileRef = C9E661C519A545BB00B9CDAF /* UIImage+Mask.h */; settings = {ATTRIBUTES = (Public, ); }; };
		C9E661E219A545BB00B9CDAF /* UIImage+Mask.m in Sources */ = {isa = PBXBuildFile; fileRef = C9E661C619A545BB00B9CDAF /* UIImage+Mask.m */; };
		C9E661E319A545BB00B9CDAF /* UIImage+Pixels.h in Headers */ = {isa = PBXBuildFile; fileRef = C9E661C719A545BB00B9CDAF /* UIImage+Pixels.h */; settings = {ATTRIBUTES = (Public, ); }; };
		C9E661E419A545BB00B9CDAF /* UIImage+Pixels.m in Sources */ = {isa = PBXBuildFile; fileRef = C9E661C819A545BB00B9CDAF /* UIImage+Pixels.m */; };
		C9E661E519A545BB00B9CDAF /* UIImage+TBTint.h in Headers */ = {isa = PBXBuildFile; fileRef = C9E661C919A545BB00B9CDAF /* UIImage+TBTint.h */; settings = {ATTRIBUTES = (Public, ); }; };
		C9E661E619A545BB00B9CDAF /* UIImage+TBTint.m in Sources */ = {isa = PBXBuildFile; fileRef = C9E661CA19A545BB00B9CDAF /* UIImage+TBTint.m */; };
/* End PBXBuildFile section */

/* Begin PBXContainerItemProxy section */
		C9E661A019A5453E00B9CDAF /* PBXContainerItemProxy */ = {
			isa = PBXContainerItemProxy;
			containerPortal = C9E6618A19A5453E00B9CDAF /* Project object */;
			proxyType = 1;
			remoteGlobalIDString = C9E6619219A5453E00B9CDAF;
			remoteInfo = Colors;
		};
/* End PBXContainerItemProxy section */

/* Begin PBXFileReference section */
		C9E6619319A5453E00B9CDAF /* Colors.framework */ = {isa = PBXFileReference; explicitFileType = wrapper.framework; includeInIndex = 0; path = Colors.framework; sourceTree = BUILT_PRODUCTS_DIR; };
		C9E6619719A5453E00B9CDAF /* Info.plist */ = {isa = PBXFileReference; lastKnownFileType = text.plist.xml; path = Info.plist; sourceTree = "<group>"; };
		C9E6619819A5453E00B9CDAF /* Colors.h */ = {isa = PBXFileReference; lastKnownFileType = sourcecode.c.h; path = Colors.h; sourceTree = "<group>"; };
		C9E6619E19A5453E00B9CDAF /* ColorsTests.xctest */ = {isa = PBXFileReference; explicitFileType = wrapper.cfbundle; includeInIndex = 0; path = ColorsTests.xctest; sourceTree = BUILT_PRODUCTS_DIR; };
		C9E661A419A5453E00B9CDAF /* Info.plist */ = {isa = PBXFileReference; lastKnownFileType = text.plist.xml; path = Info.plist; sourceTree = "<group>"; };
		C9E661A519A5453E00B9CDAF /* ColorsTests.m */ = {isa = PBXFileReference; lastKnownFileType = sourcecode.c.objc; path = ColorsTests.m; sourceTree = "<group>"; };
		C9E661AF19A545BB00B9CDAF /* CGRectManipulation.h */ = {isa = PBXFileReference; fileEncoding = 4; lastKnownFileType = sourcecode.c.h; path = CGRectManipulation.h; sourceTree = "<group>"; };
		C9E661B019A545BB00B9CDAF /* CGRectManipulation.m */ = {isa = PBXFileReference; fileEncoding = 4; lastKnownFileType = sourcecode.c.objc; path = CGRectManipulation.m; sourceTree = "<group>"; };
		C9E661B119A545BB00B9CDAF /* NSNumber+Hex.h */ = {isa = PBXFileReference; fileEncoding = 4; lastKnownFileType = sourcecode.c.h; path = "NSNumber+Hex.h"; sourceTree = "<group>"; };
		C9E661B219A545BB00B9CDAF /* NSNumber+Hex.m */ = {isa = PBXFileReference; fileEncoding = 4; lastKnownFileType = sourcecode.c.objc; path = "NSNumber+Hex.m"; sourceTree = "<group>"; };
		C9E661B319A545BB00B9CDAF /* ThemeColor.h */ = {isa = PBXFileReference; fileEncoding = 4; lastKnownFileType = sourcecode.c.h; path = ThemeColor.h; sourceTree = "<group>"; };
		C9E661B419A545BB00B9CDAF /* ThemeColor.m */ = {isa = PBXFileReference; fileEncoding = 4; lastKnownFileType = sourcecode.c.objc; path = ThemeColor.m; sourceTree = "<group>"; };
		C9E661B519A545BB00B9CDAF /* UIColor+ColorFinder.h */ = {isa = PBXFileReference; fileEncoding = 4; lastKnownFileType = sourcecode.c.h; path = "UIColor+ColorFinder.h"; sourceTree = "<group>"; };
		C9E661B619A545BB00B9CDAF /* UIColor+ColorFinder.m */ = {isa = PBXFileReference; fileEncoding = 4; lastKnownFileType = sourcecode.c.objc; path = "UIColor+ColorFinder.m"; sourceTree = "<group>"; };
		C9E661B719A545BB00B9CDAF /* UIColor+Components.h */ = {isa = PBXFileReference; fileEncoding = 4; lastKnownFileType = sourcecode.c.h; path = "UIColor+Components.h"; sourceTree = "<group>"; };
		C9E661B819A545BB00B9CDAF /* UIColor+Components.m */ = {isa = PBXFileReference; fileEncoding = 4; lastKnownFileType = sourcecode.c.objc; path = "UIColor+Components.m"; sourceTree = "<group>"; };
		C9E661B919A545BB00B9CDAF /* UIColor+Hex.h */ = {isa = PBXFileReference; fileEncoding = 4; lastKnownFileType = sourcecode.c.h; path = "UIColor+Hex.h"; sourceTree = "<group>"; };
		C9E661BA19A545BB00B9CDAF /* UIColor+Hex.m */ = {isa = PBXFileReference; fileEncoding = 4; lastKnownFileType = sourcecode.c.objc; path = "UIColor+Hex.m"; sourceTree = "<group>"; };
		C9E661BB19A545BB00B9CDAF /* UIColor+KeyColor.h */ = {isa = PBXFileReference; fileEncoding = 4; lastKnownFileType = sourcecode.c.h; path = "UIColor+KeyColor.h"; sourceTree = "<group>"; };
		C9E661BC19A545BB00B9CDAF /* UIColor+KeyColor.m */ = {isa = PBXFileReference; fileEncoding = 4; lastKnownFileType = sourcecode.c.objc; path = "UIColor+KeyColor.m"; sourceTree = "<group>"; };
		C9E661BD19A545BB00B9CDAF /* UIColor+Manipulation.h */ = {isa = PBXFileReference; fileEncoding = 4; lastKnownFileType = sourcecode.c.h; path = "UIColor+Manipulation.h"; sourceTree = "<group>"; };
		C9E661BE19A545BB00B9CDAF /* UIColor+Manipulation.m */ = {isa = PBXFileReference; fileEncoding = 4; lastKnownFileType = sourcecode.c.objc; path = "UIColor+Manipulation.m"; sourceTree = "<group>"; };
		C9E661BF19A545BB00B9CDAF /* UIColor+NeueColors.h */ = {isa = PBXFileReference; fileEncoding = 4; lastKnownFileType = sourcecode.c.h; path = "UIColor+NeueColors.h"; sourceTree = "<group>"; };
		C9E661C019A545BB00B9CDAF /* UIColor+NeueColors.m */ = {isa = PBXFileReference; fileEncoding = 4; lastKnownFileType = sourcecode.c.objc; path = "UIColor+NeueColors.m"; sourceTree = "<group>"; };
		C9E661C119A545BB00B9CDAF /* UIImage+Colors.h */ = {isa = PBXFileReference; fileEncoding = 4; lastKnownFileType = sourcecode.c.h; path = "UIImage+Colors.h"; sourceTree = "<group>"; };
		C9E661C219A545BB00B9CDAF /* UIImage+Colors.m */ = {isa = PBXFileReference; fileEncoding = 4; lastKnownFileType = sourcecode.c.objc; path = "UIImage+Colors.m"; sourceTree = "<group>"; };
		C9E661C319A545BB00B9CDAF /* UIImage+Crop.h */ = {isa = PBXFileReference; fileEncoding = 4; lastKnownFileType = sourcecode.c.h; path = "UIImage+Crop.h"; sourceTree = "<group>"; };
		C9E661C419A545BB00B9CDAF /* UIImage+Crop.m */ = {isa = PBXFileReference; fileEncoding = 4; lastKnownFileType = sourcecode.c.objc; path = "UIImage+Crop.m"; sourceTree = "<group>"; };
		C9E661C519A545BB00B9CDAF /* UIImage+Mask.h */ = {isa = PBXFileReference; fileEncoding = 4; lastKnownFileType = sourcecode.c.h; path = "UIImage+Mask.h"; sourceTree = "<group>"; };
		C9E661C619A545BB00B9CDAF /* UIImage+Mask.m */ = {isa = PBXFileReference; fileEncoding = 4; lastKnownFileType = sourcecode.c.objc; path = "UIImage+Mask.m"; sourceTree = "<group>"; };
		C9E661C719A545BB00B9CDAF /* UIImage+Pixels.h */ = {isa = PBXFileReference; fileEncoding = 4; lastKnownFileType = sourcecode.c.h; path = "UIImage+Pixels.h"; sourceTree = "<group>"; };
		C9E661C819A545BB00B9CDAF /* UIImage+Pixels.m */ = {isa = PBXFileReference; fileEncoding = 4; lastKnownFileType = sourcecode.c.objc; path = "UIImage+Pixels.m"; sourceTree = "<group>"; };
		C9E661C919A545BB00B9CDAF /* UIImage+TBTint.h */ = {isa = PBXFileReference; fileEncoding = 4; lastKnownFileType = sourcecode.c.h; path = "UIImage+TBTint.h"; sourceTree = "<group>"; };
		C9E661CA19A545BB00B9CDAF /* UIImage+TBTint.m */ = {isa = PBXFileReference; fileEncoding = 4; lastKnownFileType = sourcecode.c.objc; path = "UIImage+TBTint.m"; sourceTree = "<group>"; };
/* End PBXFileReference section */

/* Begin PBXFrameworksBuildPhase section */
		C9E6618F19A5453E00B9CDAF /* Frameworks */ = {
			isa = PBXFrameworksBuildPhase;
			buildActionMask = 2147483647;
			files = (
			);
			runOnlyForDeploymentPostprocessing = 0;
		};
		C9E6619B19A5453E00B9CDAF /* Frameworks */ = {
			isa = PBXFrameworksBuildPhase;
			buildActionMask = 2147483647;
			files = (
				C9E6619F19A5453E00B9CDAF /* Colors.framework in Frameworks */,
			);
			runOnlyForDeploymentPostprocessing = 0;
		};
/* End PBXFrameworksBuildPhase section */

/* Begin PBXGroup section */
		C9E6618919A5453E00B9CDAF = {
			isa = PBXGroup;
			children = (
				C9E6619519A5453E00B9CDAF /* Colors */,
				C9E661A219A5453E00B9CDAF /* ColorsTests */,
				C9E6619419A5453E00B9CDAF /* Products */,
			);
			sourceTree = "<group>";
		};
		C9E6619419A5453E00B9CDAF /* Products */ = {
			isa = PBXGroup;
			children = (
				C9E6619319A5453E00B9CDAF /* Colors.framework */,
				C9E6619E19A5453E00B9CDAF /* ColorsTests.xctest */,
			);
			name = Products;
			sourceTree = "<group>";
		};
		C9E6619519A5453E00B9CDAF /* Colors */ = {
			isa = PBXGroup;
			children = (
				C9E6619819A5453E00B9CDAF /* Colors.h */,
				C9E661AF19A545BB00B9CDAF /* CGRectManipulation.h */,
				C9E661B019A545BB00B9CDAF /* CGRectManipulation.m */,
				C9E661B119A545BB00B9CDAF /* NSNumber+Hex.h */,
				C9E661B219A545BB00B9CDAF /* NSNumber+Hex.m */,
				C9E661B319A545BB00B9CDAF /* ThemeColor.h */,
				C9E661B419A545BB00B9CDAF /* ThemeColor.m */,
				C9E661B519A545BB00B9CDAF /* UIColor+ColorFinder.h */,
				C9E661B619A545BB00B9CDAF /* UIColor+ColorFinder.m */,
				C9E661B719A545BB00B9CDAF /* UIColor+Components.h */,
				C9E661B819A545BB00B9CDAF /* UIColor+Components.m */,
				C9E661B919A545BB00B9CDAF /* UIColor+Hex.h */,
				C9E661BA19A545BB00B9CDAF /* UIColor+Hex.m */,
				C9E661BB19A545BB00B9CDAF /* UIColor+KeyColor.h */,
				C9E661BC19A545BB00B9CDAF /* UIColor+KeyColor.m */,
				C9E661BD19A545BB00B9CDAF /* UIColor+Manipulation.h */,
				C9E661BE19A545BB00B9CDAF /* UIColor+Manipulation.m */,
				C9E661BF19A545BB00B9CDAF /* UIColor+NeueColors.h */,
				C9E661C019A545BB00B9CDAF /* UIColor+NeueColors.m */,
				C9E661C119A545BB00B9CDAF /* UIImage+Colors.h */,
				C9E661C219A545BB00B9CDAF /* UIImage+Colors.m */,
				C9E661C319A545BB00B9CDAF /* UIImage+Crop.h */,
				C9E661C419A545BB00B9CDAF /* UIImage+Crop.m */,
				C9E661C519A545BB00B9CDAF /* UIImage+Mask.h */,
				C9E661C619A545BB00B9CDAF /* UIImage+Mask.m */,
				C9E661C719A545BB00B9CDAF /* UIImage+Pixels.h */,
				C9E661C819A545BB00B9CDAF /* UIImage+Pixels.m */,
				C9E661C919A545BB00B9CDAF /* UIImage+TBTint.h */,
				C9E661CA19A545BB00B9CDAF /* UIImage+TBTint.m */,
				C9E6619619A5453E00B9CDAF /* Supporting Files */,
			);
			path = Colors;
			sourceTree = "<group>";
		};
		C9E6619619A5453E00B9CDAF /* Supporting Files */ = {
			isa = PBXGroup;
			children = (
				C9E6619719A5453E00B9CDAF /* Info.plist */,
			);
			name = "Supporting Files";
			sourceTree = "<group>";
		};
		C9E661A219A5453E00B9CDAF /* ColorsTests */ = {
			isa = PBXGroup;
			children = (
				C9E661A519A5453E00B9CDAF /* ColorsTests.m */,
				C9E661A319A5453E00B9CDAF /* Supporting Files */,
			);
			path = ColorsTests;
			sourceTree = "<group>";
		};
		C9E661A319A5453E00B9CDAF /* Supporting Files */ = {
			isa = PBXGroup;
			children = (
				C9E661A419A5453E00B9CDAF /* Info.plist */,
			);
			name = "Supporting Files";
			sourceTree = "<group>";
		};
/* End PBXGroup section */

/* Begin PBXHeadersBuildPhase section */
		C9E6619019A5453E00B9CDAF /* Headers */ = {
			isa = PBXHeadersBuildPhase;
			buildActionMask = 2147483647;
			files = (
				C9E661E519A545BB00B9CDAF /* UIImage+TBTint.h in Headers */,
				C9E661D919A545BB00B9CDAF /* UIColor+Manipulation.h in Headers */,
				C9E661E119A545BB00B9CDAF /* UIImage+Mask.h in Headers */,
				C9E661D719A545BB00B9CDAF /* UIColor+KeyColor.h in Headers */,
				C9E661CF19A545BB00B9CDAF /* ThemeColor.h in Headers */,
				C9E661CD19A545BB00B9CDAF /* NSNumber+Hex.h in Headers */,
				C9E661DD19A545BB00B9CDAF /* UIImage+Colors.h in Headers */,
				C9E6619919A5453E00B9CDAF /* Colors.h in Headers */,
				C9E661DB19A545BB00B9CDAF /* UIColor+NeueColors.h in Headers */,
				C9E661D519A545BB00B9CDAF /* UIColor+Hex.h in Headers */,
				C9E661DF19A545BB00B9CDAF /* UIImage+Crop.h in Headers */,
				C9E661D119A545BB00B9CDAF /* UIColor+ColorFinder.h in Headers */,
				C9E661E319A545BB00B9CDAF /* UIImage+Pixels.h in Headers */,
				C9E661D319A545BB00B9CDAF /* UIColor+Components.h in Headers */,
				C9E661CB19A545BB00B9CDAF /* CGRectManipulation.h in Headers */,
			);
			runOnlyForDeploymentPostprocessing = 0;
		};
/* End PBXHeadersBuildPhase section */

/* Begin PBXNativeTarget section */
		C9E6619219A5453E00B9CDAF /* Colors */ = {
			isa = PBXNativeTarget;
			buildConfigurationList = C9E661A919A5453E00B9CDAF /* Build configuration list for PBXNativeTarget "Colors" */;
			buildPhases = (
				C9E6618E19A5453E00B9CDAF /* Sources */,
				C9E6618F19A5453E00B9CDAF /* Frameworks */,
				C9E6619019A5453E00B9CDAF /* Headers */,
				C9E6619119A5453E00B9CDAF /* Resources */,
			);
			buildRules = (
			);
			dependencies = (
			);
			name = Colors;
			productName = Colors;
			productReference = C9E6619319A5453E00B9CDAF /* Colors.framework */;
			productType = "com.apple.product-type.framework";
		};
		C9E6619D19A5453E00B9CDAF /* ColorsTests */ = {
			isa = PBXNativeTarget;
			buildConfigurationList = C9E661AC19A5453E00B9CDAF /* Build configuration list for PBXNativeTarget "ColorsTests" */;
			buildPhases = (
				C9E6619A19A5453E00B9CDAF /* Sources */,
				C9E6619B19A5453E00B9CDAF /* Frameworks */,
				C9E6619C19A5453E00B9CDAF /* Resources */,
			);
			buildRules = (
			);
			dependencies = (
				C9E661A119A5453E00B9CDAF /* PBXTargetDependency */,
			);
			name = ColorsTests;
			productName = ColorsTests;
			productReference = C9E6619E19A5453E00B9CDAF /* ColorsTests.xctest */;
			productType = "com.apple.product-type.bundle.unit-test";
		};
/* End PBXNativeTarget section */

/* Begin PBXProject section */
		C9E6618A19A5453E00B9CDAF /* Project object */ = {
			isa = PBXProject;
			attributes = {
				LastUpgradeCheck = 0600;
				ORGANIZATIONNAME = "Matt Zanchelli";
				TargetAttributes = {
					C9E6619219A5453E00B9CDAF = {
						CreatedOnToolsVersion = 6.0;
					};
					C9E6619D19A5453E00B9CDAF = {
						CreatedOnToolsVersion = 6.0;
						TestTargetID = C9E6619219A5453E00B9CDAF;
					};
				};
			};
			buildConfigurationList = C9E6618D19A5453E00B9CDAF /* Build configuration list for PBXProject "Colors" */;
			compatibilityVersion = "Xcode 3.2";
			developmentRegion = English;
			hasScannedForEncodings = 0;
			knownRegions = (
				en,
			);
			mainGroup = C9E6618919A5453E00B9CDAF;
			productRefGroup = C9E6619419A5453E00B9CDAF /* Products */;
			projectDirPath = "";
			projectRoot = "";
			targets = (
				C9E6619219A5453E00B9CDAF /* Colors */,
				C9E6619D19A5453E00B9CDAF /* ColorsTests */,
			);
		};
/* End PBXProject section */

/* Begin PBXResourcesBuildPhase section */
		C9E6619119A5453E00B9CDAF /* Resources */ = {
			isa = PBXResourcesBuildPhase;
			buildActionMask = 2147483647;
			files = (
			);
			runOnlyForDeploymentPostprocessing = 0;
		};
		C9E6619C19A5453E00B9CDAF /* Resources */ = {
			isa = PBXResourcesBuildPhase;
			buildActionMask = 2147483647;
			files = (
			);
			runOnlyForDeploymentPostprocessing = 0;
		};
/* End PBXResourcesBuildPhase section */

/* Begin PBXSourcesBuildPhase section */
		C9E6618E19A5453E00B9CDAF /* Sources */ = {
			isa = PBXSourcesBuildPhase;
			buildActionMask = 2147483647;
			files = (
				C9E661CC19A545BB00B9CDAF /* CGRectManipulation.m in Sources */,
				C9E661DC19A545BB00B9CDAF /* UIColor+NeueColors.m in Sources */,
				C9E661E619A545BB00B9CDAF /* UIImage+TBTint.m in Sources */,
				C9E661D619A545BB00B9CDAF /* UIColor+Hex.m in Sources */,
				C9E661DA19A545BB00B9CDAF /* UIColor+Manipulation.m in Sources */,
				C9E661E019A545BB00B9CDAF /* UIImage+Crop.m in Sources */,
				C9E661D419A545BB00B9CDAF /* UIColor+Components.m in Sources */,
				C9E661CE19A545BB00B9CDAF /* NSNumber+Hex.m in Sources */,
				C9E661D019A545BB00B9CDAF /* ThemeColor.m in Sources */,
				C9E661E419A545BB00B9CDAF /* UIImage+Pixels.m in Sources */,
				C9E661D819A545BB00B9CDAF /* UIColor+KeyColor.m in Sources */,
				C9E661E219A545BB00B9CDAF /* UIImage+Mask.m in Sources */,
				C9E661D219A545BB00B9CDAF /* UIColor+ColorFinder.m in Sources */,
				C9E661DE19A545BB00B9CDAF /* UIImage+Colors.m in Sources */,
			);
			runOnlyForDeploymentPostprocessing = 0;
		};
		C9E6619A19A5453E00B9CDAF /* Sources */ = {
			isa = PBXSourcesBuildPhase;
			buildActionMask = 2147483647;
			files = (
				C9E661A619A5453E00B9CDAF /* ColorsTests.m in Sources */,
			);
			runOnlyForDeploymentPostprocessing = 0;
		};
/* End PBXSourcesBuildPhase section */

/* Begin PBXTargetDependency section */
		C9E661A119A5453E00B9CDAF /* PBXTargetDependency */ = {
			isa = PBXTargetDependency;
			target = C9E6619219A5453E00B9CDAF /* Colors */;
			targetProxy = C9E661A019A5453E00B9CDAF /* PBXContainerItemProxy */;
		};
/* End PBXTargetDependency section */

/* Begin XCBuildConfiguration section */
		C9E661A719A5453E00B9CDAF /* Debug */ = {
			isa = XCBuildConfiguration;
			buildSettings = {
				ALWAYS_SEARCH_USER_PATHS = NO;
				CLANG_CXX_LANGUAGE_STANDARD = "gnu++0x";
				CLANG_CXX_LIBRARY = "libc++";
				CLANG_ENABLE_MODULES = YES;
				CLANG_ENABLE_OBJC_ARC = YES;
				CLANG_WARN_BOOL_CONVERSION = YES;
				CLANG_WARN_CONSTANT_CONVERSION = YES;
				CLANG_WARN_DIRECT_OBJC_ISA_USAGE = YES_ERROR;
				CLANG_WARN_EMPTY_BODY = YES;
				CLANG_WARN_ENUM_CONVERSION = YES;
				CLANG_WARN_INT_CONVERSION = YES;
				CLANG_WARN_OBJC_ROOT_CLASS = YES_ERROR;
				CLANG_WARN_UNREACHABLE_CODE = YES;
				CLANG_WARN__DUPLICATE_METHOD_MATCH = YES;
				"CODE_SIGN_IDENTITY[sdk=iphoneos*]" = "iPhone Developer";
				COPY_PHASE_STRIP = NO;
				CURRENT_PROJECT_VERSION = 1;
				ENABLE_STRICT_OBJC_MSGSEND = YES;
				GCC_C_LANGUAGE_STANDARD = gnu99;
				GCC_DYNAMIC_NO_PIC = NO;
				GCC_OPTIMIZATION_LEVEL = 0;
				GCC_PREPROCESSOR_DEFINITIONS = (
					"DEBUG=1",
					"$(inherited)",
				);
				GCC_SYMBOLS_PRIVATE_EXTERN = NO;
				GCC_WARN_64_TO_32_BIT_CONVERSION = YES;
				GCC_WARN_ABOUT_RETURN_TYPE = YES_ERROR;
				GCC_WARN_UNDECLARED_SELECTOR = YES;
				GCC_WARN_UNINITIALIZED_AUTOS = YES_AGGRESSIVE;
				GCC_WARN_UNUSED_FUNCTION = YES;
				GCC_WARN_UNUSED_VARIABLE = YES;
				IPHONEOS_DEPLOYMENT_TARGET = 8.0;
				MTL_ENABLE_DEBUG_INFO = YES;
				ONLY_ACTIVE_ARCH = YES;
				SDKROOT = iphoneos;
				TARGETED_DEVICE_FAMILY = "1,2";
				VERSIONING_SYSTEM = "apple-generic";
				VERSION_INFO_PREFIX = "";
			};
			name = Debug;
		};
		C9E661A819A5453E00B9CDAF /* Release */ = {
			isa = XCBuildConfiguration;
			buildSettings = {
				ALWAYS_SEARCH_USER_PATHS = NO;
				CLANG_CXX_LANGUAGE_STANDARD = "gnu++0x";
				CLANG_CXX_LIBRARY = "libc++";
				CLANG_ENABLE_MODULES = YES;
				CLANG_ENABLE_OBJC_ARC = YES;
				CLANG_WARN_BOOL_CONVERSION = YES;
				CLANG_WARN_CONSTANT_CONVERSION = YES;
				CLANG_WARN_DIRECT_OBJC_ISA_USAGE = YES_ERROR;
				CLANG_WARN_EMPTY_BODY = YES;
				CLANG_WARN_ENUM_CONVERSION = YES;
				CLANG_WARN_INT_CONVERSION = YES;
				CLANG_WARN_OBJC_ROOT_CLASS = YES_ERROR;
				CLANG_WARN_UNREACHABLE_CODE = YES;
				CLANG_WARN__DUPLICATE_METHOD_MATCH = YES;
				"CODE_SIGN_IDENTITY[sdk=iphoneos*]" = "iPhone Developer";
				COPY_PHASE_STRIP = YES;
				CURRENT_PROJECT_VERSION = 1;
				ENABLE_NS_ASSERTIONS = NO;
				ENABLE_STRICT_OBJC_MSGSEND = YES;
				GCC_C_LANGUAGE_STANDARD = gnu99;
				GCC_WARN_64_TO_32_BIT_CONVERSION = YES;
				GCC_WARN_ABOUT_RETURN_TYPE = YES_ERROR;
				GCC_WARN_UNDECLARED_SELECTOR = YES;
				GCC_WARN_UNINITIALIZED_AUTOS = YES_AGGRESSIVE;
				GCC_WARN_UNUSED_FUNCTION = YES;
				GCC_WARN_UNUSED_VARIABLE = YES;
				IPHONEOS_DEPLOYMENT_TARGET = 8.0;
				MTL_ENABLE_DEBUG_INFO = NO;
				SDKROOT = iphoneos;
				TARGETED_DEVICE_FAMILY = "1,2";
				VALIDATE_PRODUCT = YES;
				VERSIONING_SYSTEM = "apple-generic";
				VERSION_INFO_PREFIX = "";
			};
			name = Release;
		};
		C9E661AA19A5453E00B9CDAF /* Debug */ = {
			isa = XCBuildConfiguration;
			buildSettings = {
				DEFINES_MODULE = YES;
				DYLIB_COMPATIBILITY_VERSION = 1;
				DYLIB_CURRENT_VERSION = 1;
				DYLIB_INSTALL_NAME_BASE = "@rpath";
				INFOPLIST_FILE = Colors/Info.plist;
				INSTALL_PATH = "$(LOCAL_LIBRARY_DIR)/Frameworks";
				IPHONEOS_DEPLOYMENT_TARGET = 7.0;
				LD_RUNPATH_SEARCH_PATHS = "$(inherited) @executable_path/Frameworks @loader_path/Frameworks";
				PRODUCT_NAME = "$(TARGET_NAME)";
				SKIP_INSTALL = YES;
				TARGETED_DEVICE_FAMILY = "1,2";
			};
			name = Debug;
		};
		C9E661AB19A5453E00B9CDAF /* Release */ = {
			isa = XCBuildConfiguration;
			buildSettings = {
				DEFINES_MODULE = YES;
				DYLIB_COMPATIBILITY_VERSION = 1;
				DYLIB_CURRENT_VERSION = 1;
				DYLIB_INSTALL_NAME_BASE = "@rpath";
				INFOPLIST_FILE = Colors/Info.plist;
				INSTALL_PATH = "$(LOCAL_LIBRARY_DIR)/Frameworks";
				IPHONEOS_DEPLOYMENT_TARGET = 7.0;
				LD_RUNPATH_SEARCH_PATHS = "$(inherited) @executable_path/Frameworks @loader_path/Frameworks";
				PRODUCT_NAME = "$(TARGET_NAME)";
				SKIP_INSTALL = YES;
				TARGETED_DEVICE_FAMILY = "1,2";
			};
			name = Release;
		};
		C9E661AD19A5453E00B9CDAF /* Debug */ = {
			isa = XCBuildConfiguration;
			buildSettings = {
				FRAMEWORK_SEARCH_PATHS = (
					"$(SDKROOT)/Developer/Library/Frameworks",
					"$(inherited)",
				);
				GCC_PREPROCESSOR_DEFINITIONS = (
					"DEBUG=1",
					"$(inherited)",
				);
				INFOPLIST_FILE = ColorsTests/Info.plist;
				LD_RUNPATH_SEARCH_PATHS = "$(inherited) @executable_path/Frameworks @loader_path/Frameworks";
				PRODUCT_NAME = "$(TARGET_NAME)";
			};
			name = Debug;
		};
		C9E661AE19A5453E00B9CDAF /* Release */ = {
			isa = XCBuildConfiguration;
			buildSettings = {
				FRAMEWORK_SEARCH_PATHS = (
					"$(SDKROOT)/Developer/Library/Frameworks",
					"$(inherited)",
				);
				INFOPLIST_FILE = ColorsTests/Info.plist;
				LD_RUNPATH_SEARCH_PATHS = "$(inherited) @executable_path/Frameworks @loader_path/Frameworks";
				PRODUCT_NAME = "$(TARGET_NAME)";
			};
			name = Release;
		};
/* End XCBuildConfiguration section */

/* Begin XCConfigurationList section */
		C9E6618D19A5453E00B9CDAF /* Build configuration list for PBXProject "Colors" */ = {
			isa = XCConfigurationList;
			buildConfigurations = (
				C9E661A719A5453E00B9CDAF /* Debug */,
				C9E661A819A5453E00B9CDAF /* Release */,
			);
			defaultConfigurationIsVisible = 0;
			defaultConfigurationName = Release;
		};
		C9E661A919A5453E00B9CDAF /* Build configuration list for PBXNativeTarget "Colors" */ = {
			isa = XCConfigurationList;
			buildConfigurations = (
				C9E661AA19A5453E00B9CDAF /* Debug */,
				C9E661AB19A5453E00B9CDAF /* Release */,
			);
			defaultConfigurationIsVisible = 0;
			defaultConfigurationName = Release;
		};
		C9E661AC19A5453E00B9CDAF /* Build configuration list for PBXNativeTarget "ColorsTests" */ = {
			isa = XCConfigurationList;
			buildConfigurations = (
				C9E661AD19A5453E00B9CDAF /* Debug */,
				C9E661AE19A5453E00B9CDAF /* Release */,
			);
			defaultConfigurationIsVisible = 0;
			defaultConfigurationName = Release;
		};
/* End XCConfigurationList section */
	};
	rootObject = C9E6618A19A5453E00B9CDAF /* Project object */;
}
