// !$*UTF8*$!
{
	archiveVersion = 1;
	classes = {
	};
	objectVersion = 46;
	objects = {

/* Begin PBXAggregateTarget section */
		C9825A291858C09400BBEF49 /* Framework */ = {
			isa = PBXAggregateTarget;
			buildConfigurationList = C9825A2A1858C09400BBEF49 /* Build configuration list for PBXAggregateTarget "Framework" */;
			buildPhases = (
				C95100F8185A4A2A0059E76C /* ShellScript */,
			);
			dependencies = (
				C9825A2E1858C09D00BBEF49 /* PBXTargetDependency */,
			);
			name = Framework;
			productName = Framework;
		};
		C99B934F185FF02A00084ACC /* Documentation */ = {
			isa = PBXAggregateTarget;
			buildConfigurationList = C99B9352185FF02A00084ACC /* Build configuration list for PBXAggregateTarget "Documentation" */;
			buildPhases = (
				C99B9353185FF04700084ACC /* Generate Documentation */,
			);
			dependencies = (
			);
			name = Documentation;
			productName = Documentation;
		};
/* End PBXAggregateTarget section */

/* Begin PBXBuildFile section */
		C98259C51858BC9900BBEF49 /* Foundation.framework in Frameworks */ = {isa = PBXBuildFile; fileRef = C98259C41858BC9900BBEF49 /* Foundation.framework */; };
		C98259D31858BC9900BBEF49 /* XCTest.framework in Frameworks */ = {isa = PBXBuildFile; fileRef = C98259D21858BC9900BBEF49 /* XCTest.framework */; };
		C98259D41858BC9900BBEF49 /* Foundation.framework in Frameworks */ = {isa = PBXBuildFile; fileRef = C98259C41858BC9900BBEF49 /* Foundation.framework */; };
		C98259D91858BC9900BBEF49 /* libColors.a in Frameworks */ = {isa = PBXBuildFile; fileRef = C98259C11858BC9900BBEF49 /* libColors.a */; };
		C98259DF1858BC9900BBEF49 /* InfoPlist.strings in Resources */ = {isa = PBXBuildFile; fileRef = C98259DD1858BC9900BBEF49 /* InfoPlist.strings */; };
		C98259E11858BC9900BBEF49 /* ColorsTests.m in Sources */ = {isa = PBXBuildFile; fileRef = C98259E01858BC9900BBEF49 /* ColorsTests.m */; };
		C9825A061858BCD100BBEF49 /* CGRectManipulation.m in Sources */ = {isa = PBXBuildFile; fileRef = C98259EB1858BCD100BBEF49 /* CGRectManipulation.m */; };
		C9825A071858BCD100BBEF49 /* NSNumber+Hex.m in Sources */ = {isa = PBXBuildFile; fileRef = C98259ED1858BCD100BBEF49 /* NSNumber+Hex.m */; };
		C9825A081858BCD100BBEF49 /* UIColor+ColorFinder.m in Sources */ = {isa = PBXBuildFile; fileRef = C98259EF1858BCD100BBEF49 /* UIColor+ColorFinder.m */; };
		C9825A091858BCD100BBEF49 /* UIColor+Components.m in Sources */ = {isa = PBXBuildFile; fileRef = C98259F11858BCD100BBEF49 /* UIColor+Components.m */; };
		C9825A0A1858BCD100BBEF49 /* UIColor+DeviceColor.m in Sources */ = {isa = PBXBuildFile; fileRef = C98259F31858BCD100BBEF49 /* UIColor+DeviceColor.m */; };
		C9825A0B1858BCD100BBEF49 /* UIColor+Hex.m in Sources */ = {isa = PBXBuildFile; fileRef = C98259F51858BCD100BBEF49 /* UIColor+Hex.m */; };
		C9825A0C1858BCD100BBEF49 /* UIColor+KeyColor.m in Sources */ = {isa = PBXBuildFile; fileRef = C98259F71858BCD100BBEF49 /* UIColor+KeyColor.m */; };
		C9825A0D1858BCD100BBEF49 /* UIColor+Manipulation.m in Sources */ = {isa = PBXBuildFile; fileRef = C98259F91858BCD100BBEF49 /* UIColor+Manipulation.m */; };
		C9825A0E1858BCD100BBEF49 /* UIColor+NeueColors.m in Sources */ = {isa = PBXBuildFile; fileRef = C98259FB1858BCD100BBEF49 /* UIColor+NeueColors.m */; };
		C9825A0F1858BCD100BBEF49 /* UIImage+Colors.m in Sources */ = {isa = PBXBuildFile; fileRef = C98259FD1858BCD100BBEF49 /* UIImage+Colors.m */; };
		C9825A101858BCD100BBEF49 /* UIImage+Crop.m in Sources */ = {isa = PBXBuildFile; fileRef = C98259FF1858BCD100BBEF49 /* UIImage+Crop.m */; };
		C9825A111858BCD100BBEF49 /* UIImage+Mask.m in Sources */ = {isa = PBXBuildFile; fileRef = C9825A011858BCD100BBEF49 /* UIImage+Mask.m */; };
		C9825A121858BCD100BBEF49 /* UIImage+Pixels.m in Sources */ = {isa = PBXBuildFile; fileRef = C9825A031858BCD100BBEF49 /* UIImage+Pixels.m */; };
		C9825A131858BCD100BBEF49 /* UIImage+TBTint.m in Sources */ = {isa = PBXBuildFile; fileRef = C9825A051858BCD100BBEF49 /* UIImage+TBTint.m */; };
		C9825A151858BDCF00BBEF49 /* UIKit.framework in Frameworks */ = {isa = PBXBuildFile; fileRef = C9825A141858BDCF00BBEF49 /* UIKit.framework */; };
		C9825A171858BE3000BBEF49 /* Colors.h in Headers */ = {isa = PBXBuildFile; fileRef = C98259C91858BC9900BBEF49 /* Colors.h */; settings = {ATTRIBUTES = (Public, ); }; };
		C9825A181858BE4D00BBEF49 /* CGRectManipulation.h in Headers */ = {isa = PBXBuildFile; fileRef = C98259EA1858BCD100BBEF49 /* CGRectManipulation.h */; settings = {ATTRIBUTES = (Public, ); }; };
		C9825A191858BE5500BBEF49 /* NSNumber+Hex.h in Headers */ = {isa = PBXBuildFile; fileRef = C98259EC1858BCD100BBEF49 /* NSNumber+Hex.h */; settings = {ATTRIBUTES = (Public, ); }; };
		C9825A1A1858BE6700BBEF49 /* UIColor+ColorFinder.h in Headers */ = {isa = PBXBuildFile; fileRef = C98259EE1858BCD100BBEF49 /* UIColor+ColorFinder.h */; settings = {ATTRIBUTES = (Public, ); }; };
		C9825A1B1858BE6700BBEF49 /* UIColor+Components.h in Headers */ = {isa = PBXBuildFile; fileRef = C98259F01858BCD100BBEF49 /* UIColor+Components.h */; settings = {ATTRIBUTES = (Public, ); }; };
		C9825A1C1858BE6700BBEF49 /* UIColor+DeviceColor.h in Headers */ = {isa = PBXBuildFile; fileRef = C98259F21858BCD100BBEF49 /* UIColor+DeviceColor.h */; settings = {ATTRIBUTES = (Public, ); }; };
		C9825A1D1858BE6700BBEF49 /* UIColor+Hex.h in Headers */ = {isa = PBXBuildFile; fileRef = C98259F41858BCD100BBEF49 /* UIColor+Hex.h */; settings = {ATTRIBUTES = (Public, ); }; };
		C9825A1E1858BE6700BBEF49 /* UIColor+KeyColor.h in Headers */ = {isa = PBXBuildFile; fileRef = C98259F61858BCD100BBEF49 /* UIColor+KeyColor.h */; settings = {ATTRIBUTES = (Public, ); }; };
		C9825A1F1858BE6700BBEF49 /* UIColor+Manipulation.h in Headers */ = {isa = PBXBuildFile; fileRef = C98259F81858BCD100BBEF49 /* UIColor+Manipulation.h */; settings = {ATTRIBUTES = (Public, ); }; };
		C9825A201858BE6700BBEF49 /* UIColor+NeueColors.h in Headers */ = {isa = PBXBuildFile; fileRef = C98259FA1858BCD100BBEF49 /* UIColor+NeueColors.h */; settings = {ATTRIBUTES = (Public, ); }; };
		C9825A211858BE6700BBEF49 /* UIImage+Colors.h in Headers */ = {isa = PBXBuildFile; fileRef = C98259FC1858BCD100BBEF49 /* UIImage+Colors.h */; settings = {ATTRIBUTES = (Public, ); }; };
		C9825A221858BE6700BBEF49 /* UIImage+Crop.h in Headers */ = {isa = PBXBuildFile; fileRef = C98259FE1858BCD100BBEF49 /* UIImage+Crop.h */; settings = {ATTRIBUTES = (Public, ); }; };
		C9825A231858BE6700BBEF49 /* UIImage+Mask.h in Headers */ = {isa = PBXBuildFile; fileRef = C9825A001858BCD100BBEF49 /* UIImage+Mask.h */; settings = {ATTRIBUTES = (Public, ); }; };
		C9825A241858BE6700BBEF49 /* UIImage+Pixels.h in Headers */ = {isa = PBXBuildFile; fileRef = C9825A021858BCD100BBEF49 /* UIImage+Pixels.h */; settings = {ATTRIBUTES = (Public, ); }; };
		C9825A251858BE6700BBEF49 /* UIImage+TBTint.h in Headers */ = {isa = PBXBuildFile; fileRef = C9825A041858BCD100BBEF49 /* UIImage+TBTint.h */; settings = {ATTRIBUTES = (Public, ); }; };
/* End PBXBuildFile section */

/* Begin PBXContainerItemProxy section */
		C98259D71858BC9900BBEF49 /* PBXContainerItemProxy */ = {
			isa = PBXContainerItemProxy;
			containerPortal = C98259B91858BC9900BBEF49 /* Project object */;
			proxyType = 1;
			remoteGlobalIDString = C98259C01858BC9900BBEF49;
			remoteInfo = Colors;
		};
		C9825A2D1858C09D00BBEF49 /* PBXContainerItemProxy */ = {
			isa = PBXContainerItemProxy;
			containerPortal = C98259B91858BC9900BBEF49 /* Project object */;
			proxyType = 1;
			remoteGlobalIDString = C98259C01858BC9900BBEF49;
			remoteInfo = Colors;
		};
/* End PBXContainerItemProxy section */

/* Begin PBXFileReference section */
		C98259C11858BC9900BBEF49 /* libColors.a */ = {isa = PBXFileReference; explicitFileType = archive.ar; includeInIndex = 0; path = libColors.a; sourceTree = BUILT_PRODUCTS_DIR; };
		C98259C41858BC9900BBEF49 /* Foundation.framework */ = {isa = PBXFileReference; lastKnownFileType = wrapper.framework; name = Foundation.framework; path = System/Library/Frameworks/Foundation.framework; sourceTree = SDKROOT; };
		C98259C81858BC9900BBEF49 /* Colors-Prefix.pch */ = {isa = PBXFileReference; lastKnownFileType = sourcecode.c.h; path = "Colors-Prefix.pch"; sourceTree = "<group>"; };
		C98259C91858BC9900BBEF49 /* Colors.h */ = {isa = PBXFileReference; lastKnownFileType = sourcecode.c.h; path = Colors.h; sourceTree = "<group>"; };
		C98259D11858BC9900BBEF49 /* ColorsTests.xctest */ = {isa = PBXFileReference; explicitFileType = wrapper.cfbundle; includeInIndex = 0; path = ColorsTests.xctest; sourceTree = BUILT_PRODUCTS_DIR; };
		C98259D21858BC9900BBEF49 /* XCTest.framework */ = {isa = PBXFileReference; lastKnownFileType = wrapper.framework; name = XCTest.framework; path = Library/Frameworks/XCTest.framework; sourceTree = DEVELOPER_DIR; };
		C98259DC1858BC9900BBEF49 /* ColorsTests-Info.plist */ = {isa = PBXFileReference; lastKnownFileType = text.plist.xml; path = "ColorsTests-Info.plist"; sourceTree = "<group>"; };
		C98259DE1858BC9900BBEF49 /* en */ = {isa = PBXFileReference; lastKnownFileType = text.plist.strings; name = en; path = en.lproj/InfoPlist.strings; sourceTree = "<group>"; };
		C98259E01858BC9900BBEF49 /* ColorsTests.m */ = {isa = PBXFileReference; lastKnownFileType = sourcecode.c.objc; path = ColorsTests.m; sourceTree = "<group>"; };
		C98259EA1858BCD100BBEF49 /* CGRectManipulation.h */ = {isa = PBXFileReference; fileEncoding = 4; lastKnownFileType = sourcecode.c.h; path = CGRectManipulation.h; sourceTree = "<group>"; };
		C98259EB1858BCD100BBEF49 /* CGRectManipulation.m */ = {isa = PBXFileReference; fileEncoding = 4; lastKnownFileType = sourcecode.c.objc; path = CGRectManipulation.m; sourceTree = "<group>"; };
		C98259EC1858BCD100BBEF49 /* NSNumber+Hex.h */ = {isa = PBXFileReference; fileEncoding = 4; lastKnownFileType = sourcecode.c.h; path = "NSNumber+Hex.h"; sourceTree = "<group>"; };
		C98259ED1858BCD100BBEF49 /* NSNumber+Hex.m */ = {isa = PBXFileReference; fileEncoding = 4; lastKnownFileType = sourcecode.c.objc; path = "NSNumber+Hex.m"; sourceTree = "<group>"; };
		C98259EE1858BCD100BBEF49 /* UIColor+ColorFinder.h */ = {isa = PBXFileReference; fileEncoding = 4; lastKnownFileType = sourcecode.c.h; path = "UIColor+ColorFinder.h"; sourceTree = "<group>"; };
		C98259EF1858BCD100BBEF49 /* UIColor+ColorFinder.m */ = {isa = PBXFileReference; fileEncoding = 4; lastKnownFileType = sourcecode.c.objc; path = "UIColor+ColorFinder.m"; sourceTree = "<group>"; };
		C98259F01858BCD100BBEF49 /* UIColor+Components.h */ = {isa = PBXFileReference; fileEncoding = 4; lastKnownFileType = sourcecode.c.h; path = "UIColor+Components.h"; sourceTree = "<group>"; };
		C98259F11858BCD100BBEF49 /* UIColor+Components.m */ = {isa = PBXFileReference; fileEncoding = 4; lastKnownFileType = sourcecode.c.objc; path = "UIColor+Components.m"; sourceTree = "<group>"; };
		C98259F21858BCD100BBEF49 /* UIColor+DeviceColor.h */ = {isa = PBXFileReference; fileEncoding = 4; lastKnownFileType = sourcecode.c.h; path = "UIColor+DeviceColor.h"; sourceTree = "<group>"; };
		C98259F31858BCD100BBEF49 /* UIColor+DeviceColor.m */ = {isa = PBXFileReference; fileEncoding = 4; lastKnownFileType = sourcecode.c.objc; path = "UIColor+DeviceColor.m"; sourceTree = "<group>"; };
		C98259F41858BCD100BBEF49 /* UIColor+Hex.h */ = {isa = PBXFileReference; fileEncoding = 4; lastKnownFileType = sourcecode.c.h; path = "UIColor+Hex.h"; sourceTree = "<group>"; };
		C98259F51858BCD100BBEF49 /* UIColor+Hex.m */ = {isa = PBXFileReference; fileEncoding = 4; lastKnownFileType = sourcecode.c.objc; path = "UIColor+Hex.m"; sourceTree = "<group>"; };
		C98259F61858BCD100BBEF49 /* UIColor+KeyColor.h */ = {isa = PBXFileReference; fileEncoding = 4; lastKnownFileType = sourcecode.c.h; path = "UIColor+KeyColor.h"; sourceTree = "<group>"; };
		C98259F71858BCD100BBEF49 /* UIColor+KeyColor.m */ = {isa = PBXFileReference; fileEncoding = 4; lastKnownFileType = sourcecode.c.objc; path = "UIColor+KeyColor.m"; sourceTree = "<group>"; };
		C98259F81858BCD100BBEF49 /* UIColor+Manipulation.h */ = {isa = PBXFileReference; fileEncoding = 4; lastKnownFileType = sourcecode.c.h; path = "UIColor+Manipulation.h"; sourceTree = "<group>"; };
		C98259F91858BCD100BBEF49 /* UIColor+Manipulation.m */ = {isa = PBXFileReference; fileEncoding = 4; lastKnownFileType = sourcecode.c.objc; path = "UIColor+Manipulation.m"; sourceTree = "<group>"; };
		C98259FA1858BCD100BBEF49 /* UIColor+NeueColors.h */ = {isa = PBXFileReference; fileEncoding = 4; lastKnownFileType = sourcecode.c.h; path = "UIColor+NeueColors.h"; sourceTree = "<group>"; };
		C98259FB1858BCD100BBEF49 /* UIColor+NeueColors.m */ = {isa = PBXFileReference; fileEncoding = 4; lastKnownFileType = sourcecode.c.objc; path = "UIColor+NeueColors.m"; sourceTree = "<group>"; };
		C98259FC1858BCD100BBEF49 /* UIImage+Colors.h */ = {isa = PBXFileReference; fileEncoding = 4; lastKnownFileType = sourcecode.c.h; path = "UIImage+Colors.h"; sourceTree = "<group>"; };
		C98259FD1858BCD100BBEF49 /* UIImage+Colors.m */ = {isa = PBXFileReference; fileEncoding = 4; lastKnownFileType = sourcecode.c.objc; path = "UIImage+Colors.m"; sourceTree = "<group>"; };
		C98259FE1858BCD100BBEF49 /* UIImage+Crop.h */ = {isa = PBXFileReference; fileEncoding = 4; lastKnownFileType = sourcecode.c.h; path = "UIImage+Crop.h"; sourceTree = "<group>"; };
		C98259FF1858BCD100BBEF49 /* UIImage+Crop.m */ = {isa = PBXFileReference; fileEncoding = 4; lastKnownFileType = sourcecode.c.objc; path = "UIImage+Crop.m"; sourceTree = "<group>"; };
		C9825A001858BCD100BBEF49 /* UIImage+Mask.h */ = {isa = PBXFileReference; fileEncoding = 4; lastKnownFileType = sourcecode.c.h; path = "UIImage+Mask.h"; sourceTree = "<group>"; };
		C9825A011858BCD100BBEF49 /* UIImage+Mask.m */ = {isa = PBXFileReference; fileEncoding = 4; lastKnownFileType = sourcecode.c.objc; path = "UIImage+Mask.m"; sourceTree = "<group>"; };
		C9825A021858BCD100BBEF49 /* UIImage+Pixels.h */ = {isa = PBXFileReference; fileEncoding = 4; lastKnownFileType = sourcecode.c.h; path = "UIImage+Pixels.h"; sourceTree = "<group>"; };
		C9825A031858BCD100BBEF49 /* UIImage+Pixels.m */ = {isa = PBXFileReference; fileEncoding = 4; lastKnownFileType = sourcecode.c.objc; path = "UIImage+Pixels.m"; sourceTree = "<group>"; };
		C9825A041858BCD100BBEF49 /* UIImage+TBTint.h */ = {isa = PBXFileReference; fileEncoding = 4; lastKnownFileType = sourcecode.c.h; path = "UIImage+TBTint.h"; sourceTree = "<group>"; };
		C9825A051858BCD100BBEF49 /* UIImage+TBTint.m */ = {isa = PBXFileReference; fileEncoding = 4; lastKnownFileType = sourcecode.c.objc; path = "UIImage+TBTint.m"; sourceTree = "<group>"; };
		C9825A141858BDCF00BBEF49 /* UIKit.framework */ = {isa = PBXFileReference; lastKnownFileType = wrapper.framework; name = UIKit.framework; path = System/Library/Frameworks/UIKit.framework; sourceTree = SDKROOT; };
/* End PBXFileReference section */

/* Begin PBXFrameworksBuildPhase section */
		C98259BE1858BC9900BBEF49 /* Frameworks */ = {
			isa = PBXFrameworksBuildPhase;
			buildActionMask = 2147483647;
			files = (
				C9825A151858BDCF00BBEF49 /* UIKit.framework in Frameworks */,
				C98259C51858BC9900BBEF49 /* Foundation.framework in Frameworks */,
			);
			runOnlyForDeploymentPostprocessing = 0;
		};
		C98259CE1858BC9900BBEF49 /* Frameworks */ = {
			isa = PBXFrameworksBuildPhase;
			buildActionMask = 2147483647;
			files = (
				C98259D31858BC9900BBEF49 /* XCTest.framework in Frameworks */,
				C98259D41858BC9900BBEF49 /* Foundation.framework in Frameworks */,
				C98259D91858BC9900BBEF49 /* libColors.a in Frameworks */,
			);
			runOnlyForDeploymentPostprocessing = 0;
		};
/* End PBXFrameworksBuildPhase section */

/* Begin PBXGroup section */
		C98259B81858BC9900BBEF49 = {
			isa = PBXGroup;
			children = (
				C98259C61858BC9900BBEF49 /* Colors */,
				C98259DA1858BC9900BBEF49 /* ColorsTests */,
				C98259C31858BC9900BBEF49 /* Frameworks */,
				C98259C21858BC9900BBEF49 /* Products */,
			);
			sourceTree = "<group>";
		};
		C98259C21858BC9900BBEF49 /* Products */ = {
			isa = PBXGroup;
			children = (
				C98259C11858BC9900BBEF49 /* libColors.a */,
				C98259D11858BC9900BBEF49 /* ColorsTests.xctest */,
			);
			name = Products;
			sourceTree = "<group>";
		};
		C98259C31858BC9900BBEF49 /* Frameworks */ = {
			isa = PBXGroup;
			children = (
				C9825A141858BDCF00BBEF49 /* UIKit.framework */,
				C98259C41858BC9900BBEF49 /* Foundation.framework */,
				C98259D21858BC9900BBEF49 /* XCTest.framework */,
			);
			name = Frameworks;
			sourceTree = "<group>";
		};
		C98259C61858BC9900BBEF49 /* Colors */ = {
			isa = PBXGroup;
			children = (
				C98259C91858BC9900BBEF49 /* Colors.h */,
				C98259EA1858BCD100BBEF49 /* CGRectManipulation.h */,
				C98259EB1858BCD100BBEF49 /* CGRectManipulation.m */,
				C98259EC1858BCD100BBEF49 /* NSNumber+Hex.h */,
				C98259ED1858BCD100BBEF49 /* NSNumber+Hex.m */,
				C98259EE1858BCD100BBEF49 /* UIColor+ColorFinder.h */,
				C98259EF1858BCD100BBEF49 /* UIColor+ColorFinder.m */,
				C98259F01858BCD100BBEF49 /* UIColor+Components.h */,
				C98259F11858BCD100BBEF49 /* UIColor+Components.m */,
				C98259F21858BCD100BBEF49 /* UIColor+DeviceColor.h */,
				C98259F31858BCD100BBEF49 /* UIColor+DeviceColor.m */,
				C98259F41858BCD100BBEF49 /* UIColor+Hex.h */,
				C98259F51858BCD100BBEF49 /* UIColor+Hex.m */,
				C98259F61858BCD100BBEF49 /* UIColor+KeyColor.h */,
				C98259F71858BCD100BBEF49 /* UIColor+KeyColor.m */,
				C98259F81858BCD100BBEF49 /* UIColor+Manipulation.h */,
				C98259F91858BCD100BBEF49 /* UIColor+Manipulation.m */,
				C98259FA1858BCD100BBEF49 /* UIColor+NeueColors.h */,
				C98259FB1858BCD100BBEF49 /* UIColor+NeueColors.m */,
				C98259FC1858BCD100BBEF49 /* UIImage+Colors.h */,
				C98259FD1858BCD100BBEF49 /* UIImage+Colors.m */,
				C98259FE1858BCD100BBEF49 /* UIImage+Crop.h */,
				C98259FF1858BCD100BBEF49 /* UIImage+Crop.m */,
				C9825A001858BCD100BBEF49 /* UIImage+Mask.h */,
				C9825A011858BCD100BBEF49 /* UIImage+Mask.m */,
				C9825A021858BCD100BBEF49 /* UIImage+Pixels.h */,
				C9825A031858BCD100BBEF49 /* UIImage+Pixels.m */,
				C9825A041858BCD100BBEF49 /* UIImage+TBTint.h */,
				C9825A051858BCD100BBEF49 /* UIImage+TBTint.m */,
				C98259C71858BC9900BBEF49 /* Supporting Files */,
			);
			path = Colors;
			sourceTree = "<group>";
		};
		C98259C71858BC9900BBEF49 /* Supporting Files */ = {
			isa = PBXGroup;
			children = (
				C98259C81858BC9900BBEF49 /* Colors-Prefix.pch */,
			);
			name = "Supporting Files";
			sourceTree = "<group>";
		};
		C98259DA1858BC9900BBEF49 /* ColorsTests */ = {
			isa = PBXGroup;
			children = (
				C98259E01858BC9900BBEF49 /* ColorsTests.m */,
				C98259DB1858BC9900BBEF49 /* Supporting Files */,
			);
			path = ColorsTests;
			sourceTree = "<group>";
		};
		C98259DB1858BC9900BBEF49 /* Supporting Files */ = {
			isa = PBXGroup;
			children = (
				C98259DC1858BC9900BBEF49 /* ColorsTests-Info.plist */,
				C98259DD1858BC9900BBEF49 /* InfoPlist.strings */,
			);
			name = "Supporting Files";
			sourceTree = "<group>";
		};
/* End PBXGroup section */

/* Begin PBXHeadersBuildPhase section */
		C9825A161858BE2800BBEF49 /* Headers */ = {
			isa = PBXHeadersBuildPhase;
			buildActionMask = 2147483647;
			files = (
				C9825A251858BE6700BBEF49 /* UIImage+TBTint.h in Headers */,
				C9825A1F1858BE6700BBEF49 /* UIColor+Manipulation.h in Headers */,
				C9825A231858BE6700BBEF49 /* UIImage+Mask.h in Headers */,
				C9825A1E1858BE6700BBEF49 /* UIColor+KeyColor.h in Headers */,
				C9825A191858BE5500BBEF49 /* NSNumber+Hex.h in Headers */,
				C9825A1B1858BE6700BBEF49 /* UIColor+Components.h in Headers */,
				C9825A211858BE6700BBEF49 /* UIImage+Colors.h in Headers */,
				C9825A1C1858BE6700BBEF49 /* UIColor+DeviceColor.h in Headers */,
				C9825A201858BE6700BBEF49 /* UIColor+NeueColors.h in Headers */,
				C9825A1D1858BE6700BBEF49 /* UIColor+Hex.h in Headers */,
				C9825A221858BE6700BBEF49 /* UIImage+Crop.h in Headers */,
				C9825A171858BE3000BBEF49 /* Colors.h in Headers */,
				C9825A241858BE6700BBEF49 /* UIImage+Pixels.h in Headers */,
				C9825A1A1858BE6700BBEF49 /* UIColor+ColorFinder.h in Headers */,
				C9825A181858BE4D00BBEF49 /* CGRectManipulation.h in Headers */,
			);
			runOnlyForDeploymentPostprocessing = 0;
		};
/* End PBXHeadersBuildPhase section */

/* Begin PBXNativeTarget section */
		C98259C01858BC9900BBEF49 /* Colors */ = {
			isa = PBXNativeTarget;
			buildConfigurationList = C98259E41858BC9900BBEF49 /* Build configuration list for PBXNativeTarget "Colors" */;
			buildPhases = (
				C98259BD1858BC9900BBEF49 /* Sources */,
				C98259BE1858BC9900BBEF49 /* Frameworks */,
				C9825A161858BE2800BBEF49 /* Headers */,
				C9825A261858BF0200BBEF49 /* Prepare Framework */,
			);
			buildRules = (
			);
			dependencies = (
			);
			name = Colors;
			productName = Colors;
			productReference = C98259C11858BC9900BBEF49 /* libColors.a */;
			productType = "com.apple.product-type.library.static";
		};
		C98259D01858BC9900BBEF49 /* ColorsTests */ = {
			isa = PBXNativeTarget;
			buildConfigurationList = C98259E71858BC9900BBEF49 /* Build configuration list for PBXNativeTarget "ColorsTests" */;
			buildPhases = (
				C98259CD1858BC9900BBEF49 /* Sources */,
				C98259CE1858BC9900BBEF49 /* Frameworks */,
				C98259CF1858BC9900BBEF49 /* Resources */,
			);
			buildRules = (
			);
			dependencies = (
				C98259D81858BC9900BBEF49 /* PBXTargetDependency */,
			);
			name = ColorsTests;
			productName = ColorsTests;
			productReference = C98259D11858BC9900BBEF49 /* ColorsTests.xctest */;
			productType = "com.apple.product-type.bundle.unit-test";
		};
/* End PBXNativeTarget section */

/* Begin PBXProject section */
		C98259B91858BC9900BBEF49 /* Project object */ = {
			isa = PBXProject;
			attributes = {
				LastUpgradeCheck = 0510;
				ORGANIZATIONNAME = "Matt Zanchelli";
			};
			buildConfigurationList = C98259BC1858BC9900BBEF49 /* Build configuration list for PBXProject "Colors" */;
			compatibilityVersion = "Xcode 3.2";
			developmentRegion = English;
			hasScannedForEncodings = 0;
			knownRegions = (
				en,
			);
			mainGroup = C98259B81858BC9900BBEF49;
			productRefGroup = C98259C21858BC9900BBEF49 /* Products */;
			projectDirPath = "";
			projectRoot = "";
			targets = (
				C98259C01858BC9900BBEF49 /* Colors */,
				C98259D01858BC9900BBEF49 /* ColorsTests */,
				C9825A291858C09400BBEF49 /* Framework */,
				C99B934F185FF02A00084ACC /* Documentation */,
			);
		};
/* End PBXProject section */

/* Begin PBXResourcesBuildPhase section */
		C98259CF1858BC9900BBEF49 /* Resources */ = {
			isa = PBXResourcesBuildPhase;
			buildActionMask = 2147483647;
			files = (
				C98259DF1858BC9900BBEF49 /* InfoPlist.strings in Resources */,
			);
			runOnlyForDeploymentPostprocessing = 0;
		};
/* End PBXResourcesBuildPhase section */

/* Begin PBXShellScriptBuildPhase section */
		C95100F8185A4A2A0059E76C /* ShellScript */ = {
			isa = PBXShellScriptBuildPhase;
			buildActionMask = 2147483647;
			files = (
			);
			inputPaths = (
			);
			outputPaths = (
			);
			runOnlyForDeploymentPostprocessing = 0;
			shellPath = /bin/sh;
			shellScript = "set -e\nset +u\n# Avoid recursively calling this script.\nif [[ $SF_MASTER_SCRIPT_RUNNING ]]\nthen\nexit 0\nfi\nset -u\nexport SF_MASTER_SCRIPT_RUNNING=1\n\nSF_TARGET_NAME=${PROJECT_NAME}\nSF_EXECUTABLE_PATH=\"lib${SF_TARGET_NAME}.a\"\nSF_WRAPPER_NAME=\"${SF_TARGET_NAME}.framework\"\n\n# The following conditionals come from\n# https://github.com/kstenerud/iOS-Universal-Framework\n\nif [[ \"$SDK_NAME\" =~ ([A-Za-z]+) ]]\nthen\nSF_SDK_PLATFORM=${BASH_REMATCH[1]}\nelse\necho \"Could not find platform name from SDK_NAME: $SDK_NAME\"\nexit 1\nfi\n\nif [[ \"$SDK_NAME\" =~ ([0-9]+.*$) ]]\nthen\nSF_SDK_VERSION=${BASH_REMATCH[1]}\nelse\necho \"Could not find sdk version from SDK_NAME: $SDK_NAME\"\nexit 1\nfi\n\nif [[ \"$SF_SDK_PLATFORM\" = \"iphoneos\" ]]\nthen\nSF_OTHER_PLATFORM=iphonesimulator\nelse\nSF_OTHER_PLATFORM=iphoneos\nfi\n\nif [[ \"$BUILT_PRODUCTS_DIR\" =~ (.*)$SF_SDK_PLATFORM$ ]]\nthen\nSF_OTHER_BUILT_PRODUCTS_DIR=\"${BASH_REMATCH[1]}${SF_OTHER_PLATFORM}\"\nelse\necho \"Could not find platform name from build products directory: $BUILT_PRODUCTS_DIR\"\nexit 1\nfi\n\n# Build the other platform.\nxcodebuild -project \"${PROJECT_FILE_PATH}\" -target \"${TARGET_NAME}\" -configuration \"${CONFIGURATION}\" -sdk ${SF_OTHER_PLATFORM}${SF_SDK_VERSION} BUILD_DIR=\"${BUILD_DIR}\" OBJROOT=\"${OBJROOT}\" BUILD_ROOT=\"${BUILD_ROOT}\" SYMROOT=\"${SYMROOT}\" $ACTION\n\n# Smash the two static libraries into one fat binary and store it in the .framework\nlipo -create \"${BUILT_PRODUCTS_DIR}/${SF_EXECUTABLE_PATH}\" \"${SF_OTHER_BUILT_PRODUCTS_DIR}/${SF_EXECUTABLE_PATH}\" -output \"${BUILT_PRODUCTS_DIR}/${SF_WRAPPER_NAME}/Versions/A/${SF_TARGET_NAME}\"\n\n# Copy the binary to the other architecture folder to have a complete framework in both.\ncp -a \"${BUILT_PRODUCTS_DIR}/${SF_WRAPPER_NAME}/Versions/A/${SF_TARGET_NAME}\" \"${SF_OTHER_BUILT_PRODUCTS_DIR}/${SF_WRAPPER_NAME}/Versions/A/${SF_TARGET_NAME}\"";
		};
		C9825A261858BF0200BBEF49 /* Prepare Framework */ = {
			isa = PBXShellScriptBuildPhase;
			buildActionMask = 2147483647;
			files = (
			);
			inputPaths = (
			);
			name = "Prepare Framework";
			outputPaths = (
			);
			runOnlyForDeploymentPostprocessing = 0;
			shellPath = /bin/sh;
			shellScript = "set -e\n\nmkdir -p \"${BUILT_PRODUCTS_DIR}/${PRODUCT_NAME}.framework/Versions/A/Headers\"\n\n# Link the \"Current\" version to \"A\"\n/bin/ln -sfh A \"${BUILT_PRODUCTS_DIR}/${PRODUCT_NAME}.framework/Versions/Current\"\n/bin/ln -sfh Versions/Current/Headers \"${BUILT_PRODUCTS_DIR}/${PRODUCT_NAME}.framework/Headers\"\n/bin/ln -sfh \"Versions/Current/${PRODUCT_NAME}\" \"${BUILT_PRODUCTS_DIR}/${PRODUCT_NAME}.framework/${PRODUCT_NAME}\"\n\n# The -a ensures that the headers maintain the source modification date so that we don't constantly\n# cause propagating rebuilds of files that import these headers.\n/bin/cp -a \"${TARGET_BUILD_DIR}/${PUBLIC_HEADERS_FOLDER_PATH}/\" \"${BUILT_PRODUCTS_DIR}/${PRODUCT_NAME}.framework/Versions/A/Headers\"";
		};
		C99B9353185FF04700084ACC /* Generate Documentation */ = {
			isa = PBXShellScriptBuildPhase;
			buildActionMask = 2147483647;
			files = (
			);
			inputPaths = (
			);
			name = "Generate Documentation";
			outputPaths = (
			);
			runOnlyForDeploymentPostprocessing = 0;
			shellPath = /bin/sh;
			shellScript = "#appledoc Xcode script\n# Start constants\ncompany=\"mattzanchelli\";\ncompanyID=\"com.mattzanchelli\";\ncompanyURL=\"http://mdznr.com\";\ntarget=\"iphoneos\";\n#target=\"macosx\";\n#outputPath=\"../Framework\\ Documentation\";\noutputPath=\"~/help\";\n# End constants\n/usr/local/bin/appledoc \\\n--project-name \"${PROJECT_NAME}\" \\\n--project-company \"${company}\" \\\n--company-id \"${companyID}\" \\\n--docset-atom-filename \"${company}.atom\" \\\n--docset-feed-url \"${companyURL}/${company}/%DOCSETATOMFILENAME\" \\\n--docset-package-url \"${companyURL}/${company}/%DOCSETPACKAGEFILENAME\" \\\n--docset-fallback-url \"${companyURL}/${company}\" \\\n--output \"${outputPath}\" \\\n--publish-docset \\\n--docset-platform-family \"${target}\" \\\n--logformat xcode \\\n--keep-intermediate-files \\\n--no-repeat-first-par \\\n--no-warn-invalid-crossref \\\n--exit-threshold 2 \\\n\"${PROJECT_DIR}\"";
		};
/* End PBXShellScriptBuildPhase section */

/* Begin PBXSourcesBuildPhase section */
		C98259BD1858BC9900BBEF49 /* Sources */ = {
			isa = PBXSourcesBuildPhase;
			buildActionMask = 2147483647;
			files = (
				C9825A111858BCD100BBEF49 /* UIImage+Mask.m in Sources */,
				C9825A0E1858BCD100BBEF49 /* UIColor+NeueColors.m in Sources */,
				C9825A061858BCD100BBEF49 /* CGRectManipulation.m in Sources */,
				C9825A091858BCD100BBEF49 /* UIColor+Components.m in Sources */,
				C9825A071858BCD100BBEF49 /* NSNumber+Hex.m in Sources */,
				C9825A0D1858BCD100BBEF49 /* UIColor+Manipulation.m in Sources */,
				C9825A0B1858BCD100BBEF49 /* UIColor+Hex.m in Sources */,
				C9825A0C1858BCD100BBEF49 /* UIColor+KeyColor.m in Sources */,
				C9825A081858BCD100BBEF49 /* UIColor+ColorFinder.m in Sources */,
				C9825A131858BCD100BBEF49 /* UIImage+TBTint.m in Sources */,
				C9825A101858BCD100BBEF49 /* UIImage+Crop.m in Sources */,
				C9825A0A1858BCD100BBEF49 /* UIColor+DeviceColor.m in Sources */,
				C9825A121858BCD100BBEF49 /* UIImage+Pixels.m in Sources */,
				C9825A0F1858BCD100BBEF49 /* UIImage+Colors.m in Sources */,
			);
			runOnlyForDeploymentPostprocessing = 0;
		};
		C98259CD1858BC9900BBEF49 /* Sources */ = {
			isa = PBXSourcesBuildPhase;
			buildActionMask = 2147483647;
			files = (
				C98259E11858BC9900BBEF49 /* ColorsTests.m in Sources */,
			);
			runOnlyForDeploymentPostprocessing = 0;
		};
/* End PBXSourcesBuildPhase section */

/* Begin PBXTargetDependency section */
		C98259D81858BC9900BBEF49 /* PBXTargetDependency */ = {
			isa = PBXTargetDependency;
			target = C98259C01858BC9900BBEF49 /* Colors */;
			targetProxy = C98259D71858BC9900BBEF49 /* PBXContainerItemProxy */;
		};
		C9825A2E1858C09D00BBEF49 /* PBXTargetDependency */ = {
			isa = PBXTargetDependency;
			target = C98259C01858BC9900BBEF49 /* Colors */;
			targetProxy = C9825A2D1858C09D00BBEF49 /* PBXContainerItemProxy */;
		};
/* End PBXTargetDependency section */

/* Begin PBXVariantGroup section */
		C98259DD1858BC9900BBEF49 /* InfoPlist.strings */ = {
			isa = PBXVariantGroup;
			children = (
				C98259DE1858BC9900BBEF49 /* en */,
			);
			name = InfoPlist.strings;
			sourceTree = "<group>";
		};
/* End PBXVariantGroup section */

/* Begin XCBuildConfiguration section */
		C98259E21858BC9900BBEF49 /* Debug */ = {
			isa = XCBuildConfiguration;
			buildSettings = {
				ALWAYS_SEARCH_USER_PATHS = NO;
				ARCHS = "$(ARCHS_STANDARD_INCLUDING_64_BIT)";
				CLANG_CXX_LANGUAGE_STANDARD = "gnu++0x";
				CLANG_CXX_LIBRARY = "libc++";
				CLANG_ENABLE_MODULES = YES;
				CLANG_ENABLE_OBJC_ARC = YES;
				CLANG_WARN_BOOL_CONVERSION = YES;
				CLANG_WARN_CONSTANT_CONVERSION = YES;
				CLANG_WARN_DIRECT_OBJC_ISA_USAGE = YES_ERROR;
				CLANG_WARN_EMPTY_BODY = YES;
				CLANG_WARN_ENUM_CONVERSION = YES;
				CLANG_WARN_INT_CONVERSION = YES;
				CLANG_WARN_OBJC_ROOT_CLASS = YES_ERROR;
				CLANG_WARN__DUPLICATE_METHOD_MATCH = YES;
				COPY_PHASE_STRIP = NO;
				GCC_C_LANGUAGE_STANDARD = gnu99;
				GCC_DYNAMIC_NO_PIC = NO;
				GCC_OPTIMIZATION_LEVEL = 0;
				GCC_PREPROCESSOR_DEFINITIONS = (
					"DEBUG=1",
					"$(inherited)",
				);
				GCC_SYMBOLS_PRIVATE_EXTERN = NO;
				GCC_WARN_64_TO_32_BIT_CONVERSION = YES;
				GCC_WARN_ABOUT_RETURN_TYPE = YES_ERROR;
				GCC_WARN_UNDECLARED_SELECTOR = YES;
				GCC_WARN_UNINITIALIZED_AUTOS = YES_AGGRESSIVE;
				GCC_WARN_UNUSED_FUNCTION = YES;
				GCC_WARN_UNUSED_VARIABLE = YES;
				GENERATE_MASTER_OBJECT_FILE = YES;
				IPHONEOS_DEPLOYMENT_TARGET = 7.1;
				ONLY_ACTIVE_ARCH = NO;
				SDKROOT = iphoneos;
			};
			name = Debug;
		};
		C98259E31858BC9900BBEF49 /* Release */ = {
			isa = XCBuildConfiguration;
			buildSettings = {
				ALWAYS_SEARCH_USER_PATHS = NO;
				ARCHS = "$(ARCHS_STANDARD_INCLUDING_64_BIT)";
				CLANG_CXX_LANGUAGE_STANDARD = "gnu++0x";
				CLANG_CXX_LIBRARY = "libc++";
				CLANG_ENABLE_MODULES = YES;
				CLANG_ENABLE_OBJC_ARC = YES;
				CLANG_WARN_BOOL_CONVERSION = YES;
				CLANG_WARN_CONSTANT_CONVERSION = YES;
				CLANG_WARN_DIRECT_OBJC_ISA_USAGE = YES_ERROR;
				CLANG_WARN_EMPTY_BODY = YES;
				CLANG_WARN_ENUM_CONVERSION = YES;
				CLANG_WARN_INT_CONVERSION = YES;
				CLANG_WARN_OBJC_ROOT_CLASS = YES_ERROR;
				CLANG_WARN__DUPLICATE_METHOD_MATCH = YES;
				COPY_PHASE_STRIP = YES;
				ENABLE_NS_ASSERTIONS = NO;
				GCC_C_LANGUAGE_STANDARD = gnu99;
				GCC_WARN_64_TO_32_BIT_CONVERSION = YES;
				GCC_WARN_ABOUT_RETURN_TYPE = YES_ERROR;
				GCC_WARN_UNDECLARED_SELECTOR = YES;
				GCC_WARN_UNINITIALIZED_AUTOS = YES_AGGRESSIVE;
				GCC_WARN_UNUSED_FUNCTION = YES;
				GCC_WARN_UNUSED_VARIABLE = YES;
				GENERATE_MASTER_OBJECT_FILE = YES;
				IPHONEOS_DEPLOYMENT_TARGET = 7.1;
				SDKROOT = iphoneos;
				VALIDATE_PRODUCT = YES;
			};
			name = Release;
		};
		C98259E51858BC9900BBEF49 /* Debug */ = {
			isa = XCBuildConfiguration;
			buildSettings = {
				DEAD_CODE_STRIPPING = NO;
				DSTROOT = /tmp/Colors.dst;
				GCC_PRECOMPILE_PREFIX_HEADER = YES;
				GCC_PREFIX_HEADER = "Colors/Colors-Prefix.pch";
				OTHER_LDFLAGS = (
					"-ObjC",
					"-all_load",
				);
				PRODUCT_NAME = "$(TARGET_NAME)";
				PUBLIC_HEADERS_FOLDER_PATH = "$(PROJECT_NAME)Headers";
				SKIP_INSTALL = YES;
				STRIP_STYLE = "non-global";
			};
			name = Debug;
		};
		C98259E61858BC9900BBEF49 /* Release */ = {
			isa = XCBuildConfiguration;
			buildSettings = {
				COPY_PHASE_STRIP = NO;
				DEAD_CODE_STRIPPING = NO;
				DSTROOT = /tmp/Colors.dst;
				GCC_PRECOMPILE_PREFIX_HEADER = YES;
				GCC_PREFIX_HEADER = "Colors/Colors-Prefix.pch";
				OTHER_LDFLAGS = (
					"-ObjC",
					"-all_load",
				);
				PRODUCT_NAME = "$(TARGET_NAME)";
				PUBLIC_HEADERS_FOLDER_PATH = "$(PROJECT_NAME)Headers";
				SKIP_INSTALL = YES;
				STRIP_STYLE = "non-global";
			};
			name = Release;
		};
		C98259E81858BC9900BBEF49 /* Debug */ = {
			isa = XCBuildConfiguration;
			buildSettings = {
				ARCHS = "$(ARCHS_STANDARD_INCLUDING_64_BIT)";
				FRAMEWORK_SEARCH_PATHS = (
					"$(SDKROOT)/Developer/Library/Frameworks",
					"$(inherited)",
					"$(DEVELOPER_FRAMEWORKS_DIR)",
				);
				GCC_PRECOMPILE_PREFIX_HEADER = YES;
				GCC_PREFIX_HEADER = "Colors/Colors-Prefix.pch";
				GCC_PREPROCESSOR_DEFINITIONS = (
					"DEBUG=1",
					"$(inherited)",
				);
				INFOPLIST_FILE = "ColorsTests/ColorsTests-Info.plist";
				PRODUCT_NAME = "$(TARGET_NAME)";
				WRAPPER_EXTENSION = xctest;
			};
			name = Debug;
		};
		C98259E91858BC9900BBEF49 /* Release */ = {
			isa = XCBuildConfiguration;
			buildSettings = {
				ARCHS = "$(ARCHS_STANDARD_INCLUDING_64_BIT)";
				FRAMEWORK_SEARCH_PATHS = (
					"$(SDKROOT)/Developer/Library/Frameworks",
					"$(inherited)",
					"$(DEVELOPER_FRAMEWORKS_DIR)",
				);
				GCC_PRECOMPILE_PREFIX_HEADER = YES;
				GCC_PREFIX_HEADER = "Colors/Colors-Prefix.pch";
				INFOPLIST_FILE = "ColorsTests/ColorsTests-Info.plist";
				PRODUCT_NAME = "$(TARGET_NAME)";
				WRAPPER_EXTENSION = xctest;
			};
			name = Release;
		};
		C9825A2B1858C09400BBEF49 /* Debug */ = {
			isa = XCBuildConfiguration;
			buildSettings = {
				OTHER_LDFLAGS = (
					"-ObjC",
					"-all_load",
				);
				PRODUCT_NAME = "$(TARGET_NAME)";
			};
			name = Debug;
		};
		C9825A2C1858C09400BBEF49 /* Release */ = {
			isa = XCBuildConfiguration;
			buildSettings = {
				OTHER_LDFLAGS = (
					"-ObjC",
					"-all_load",
				);
				PRODUCT_NAME = "$(TARGET_NAME)";
			};
			name = Release;
		};
		C99B9350185FF02A00084ACC /* Debug */ = {
			isa = XCBuildConfiguration;
			buildSettings = {
				PRODUCT_NAME = "$(TARGET_NAME)";
			};
			name = Debug;
		};
		C99B9351185FF02A00084ACC /* Release */ = {
			isa = XCBuildConfiguration;
			buildSettings = {
				PRODUCT_NAME = "$(TARGET_NAME)";
			};
			name = Release;
		};
/* End XCBuildConfiguration section */

/* Begin XCConfigurationList section */
		C98259BC1858BC9900BBEF49 /* Build configuration list for PBXProject "Colors" */ = {
			isa = XCConfigurationList;
			buildConfigurations = (
				C98259E21858BC9900BBEF49 /* Debug */,
				C98259E31858BC9900BBEF49 /* Release */,
			);
			defaultConfigurationIsVisible = 0;
			defaultConfigurationName = Release;
		};
		C98259E41858BC9900BBEF49 /* Build configuration list for PBXNativeTarget "Colors" */ = {
			isa = XCConfigurationList;
			buildConfigurations = (
				C98259E51858BC9900BBEF49 /* Debug */,
				C98259E61858BC9900BBEF49 /* Release */,
			);
			defaultConfigurationIsVisible = 0;
			defaultConfigurationName = Release;
		};
		C98259E71858BC9900BBEF49 /* Build configuration list for PBXNativeTarget "ColorsTests" */ = {
			isa = XCConfigurationList;
			buildConfigurations = (
				C98259E81858BC9900BBEF49 /* Debug */,
				C98259E91858BC9900BBEF49 /* Release */,
			);
			defaultConfigurationIsVisible = 0;
			defaultConfigurationName = Release;
		};
		C9825A2A1858C09400BBEF49 /* Build configuration list for PBXAggregateTarget "Framework" */ = {
			isa = XCConfigurationList;
			buildConfigurations = (
				C9825A2B1858C09400BBEF49 /* Debug */,
				C9825A2C1858C09400BBEF49 /* Release */,
			);
			defaultConfigurationIsVisible = 0;
			defaultConfigurationName = Release;
		};
		C99B9352185FF02A00084ACC /* Build configuration list for PBXAggregateTarget "Documentation" */ = {
			isa = XCConfigurationList;
			buildConfigurations = (
				C99B9350185FF02A00084ACC /* Debug */,
				C99B9351185FF02A00084ACC /* Release */,
			);
			defaultConfigurationIsVisible = 0;
		};
/* End XCConfigurationList section */
	};
	rootObject = C98259B91858BC9900BBEF49 /* Project object */;
}
